
Microsoft Visual Studio Solution File, Format Version 12.00
# Visual Studio Version 17
VisualStudioVersion = 17.9.34622.214
MinimumVisualStudioVersion = 10.0.40219.1
Project("{FAE04EC0-301F-11D3-BF4B-00C04F79EFBC}") = "nous-backend-upload", "nous-backend-upload\nous-backend-upload.csproj", "{DF16E845-26CC-42C2-8D62-0885DF73D52D}"
EndProject
Global
	GlobalSection(SolutionConfigurationPlatforms) = preSolution
		Debug|Any CPU = Debug|Any CPU
		Release|Any CPU = Release|Any CPU
	EndGlobalSection
	GlobalSection(ProjectConfigurationPlatforms) = postSolution
		{DF16E845-26CC-42C2-8D62-0885DF73D52D}.Debug|Any CPU.ActiveCfg = Debug|Any CPU
		{DF16E845-26CC-42C2-8D62-0885DF73D52D}.Debug|Any CPU.Build.0 = Debug|Any CPU
		{DF16E845-26CC-42C2-8D62-0885DF73D52D}.Release|Any CPU.ActiveCfg = Release|Any CPU
		{DF16E845-26CC-42C2-8D62-0885DF73D52D}.Release|Any CPU.Build.0 = Release|Any CPU
	EndGlobalSection
	GlobalSection(SolutionProperties) = preSolution
		HideSolutionNode = FALSE
	EndGlobalSection
	GlobalSection(ExtensibilityGlobals) = postSolution
		SolutionGuid = {3BD40FA6-4D59-4B3D-9B37-47280C0EA938}
	EndGlobalSection
EndGlobal
